# @generated by Move, please check-in and do not edit manually.

[move]
version = 3
manifest_digest = "F460F5DB496929CEFC1EBAC2BBB52C33F0B497EBEF8BA9DED6B5A747BC9CB349"
deps_digest = "F9B494B64F0615AED0E98FC12A85B85ECD2BC5185C22D30E7F67786BB52E507C"
dependencies = [
  { id = "Bridge", name = "Bridge" },
  { id = "MoveStdlib", name = "MoveStdlib" },
  { id = "Sui", name = "Sui" },
  { id = "SuiSystem", name = "SuiSystem" },
]

[[move.package]]
id = "Bridge"
source = { git = "https://github.com/MystenLabs/sui.git", rev = "c1f1ae650fb9f9248b39a569400b4420820868db", subdir = "crates/sui-framework/packages/bridge" }

dependencies = [
  { id = "MoveStdlib", name = "MoveStdlib" },
  { id = "Sui", name = "Sui" },
  { id = "SuiSystem", name = "SuiSystem" },
]

[[move.package]]
id = "MoveStdlib"
source = { git = "https://github.com/MystenLabs/sui.git", rev = "c1f1ae650fb9f9248b39a569400b4420820868db", subdir = "crates/sui-framework/packages/move-stdlib" }

[[move.package]]
id = "Sui"
source = { git = "https://github.com/MystenLabs/sui.git", rev = "c1f1ae650fb9f9248b39a569400b4420820868db", subdir = "crates/sui-framework/packages/sui-framework" }

dependencies = [
  { id = "MoveStdlib", name = "MoveStdlib" },
]

[[move.package]]
id = "SuiSystem"
source = { git = "https://github.com/MystenLabs/sui.git", rev = "c1f1ae650fb9f9248b39a569400b4420820868db", subdir = "crates/sui-framework/packages/sui-system" }

dependencies = [
  { id = "MoveStdlib", name = "MoveStdlib" },
  { id = "Sui", name = "Sui" },
]

[move.toolchain-version]
compiler-version = "1.61.2"
edition = "2024.beta"
flavor = "sui"

[env]

[env.devnet]
chain-id = "58e278c2"
original-published-id = "0x899e0aec11b8cce7b7e7a0b9b1b26c1492536288a931d96096b342851af6f955"
latest-published-id = "0x899e0aec11b8cce7b7e7a0b9b1b26c1492536288a931d96096b342851af6f955"
published-version = "1"
